
Microsoft Visual Studio Solution File, Format Version 12.00
# Visual Studio 15
VisualStudioVersion = 15.0.28307.539
MinimumVisualStudioVersion = 10.0.40219.1
Project("{FAE04EC0-301F-11D3-BF4B-00C04F79EFBC}") = "rvt_axis", "CS\rvt_axis.csproj", "{F8B103D0-8016-4233-8BCA-0BC183BF1262}"
EndProject
Global
	GlobalSection(SolutionConfigurationPlatforms) = preSolution
		Debug|Any CPU = Debug|Any CPU
		Release|Any CPU = Release|Any CPU
	EndGlobalSection
	GlobalSection(ProjectConfigurationPlatforms) = postSolution
		{F8B103D0-8016-4233-8BCA-0BC183BF1262}.Debug|Any CPU.ActiveCfg = Debug|Any CPU
		{F8B103D0-8016-4233-8BCA-0BC183BF1262}.Debug|Any CPU.Build.0 = Debug|Any CPU
		{F8B103D0-8016-4233-8BCA-0BC183BF1262}.Release|Any CPU.ActiveCfg = Release|Any CPU
		{F8B103D0-8016-4233-8BCA-0BC183BF1262}.Release|Any CPU.Build.0 = Release|Any CPU
	EndGlobalSection
	GlobalSection(SolutionProperties) = preSolution
		HideSolutionNode = FALSE
	EndGlobalSection
	GlobalSection(ExtensibilityGlobals) = postSolution
		SolutionGuid = {F0C42476-D61F-4E8E-8809-9219BED77C82}
	EndGlobalSection
EndGlobal
